// !$*UTF8*$!
{
	archiveVersion = 1;
	classes = {
	};
	objectVersion = 46;
	objects = {

/* Begin PBXBuildFile section */
		0390376F1C0916EA00386188 /* AppDelegate.swift in Sources */ = {isa = PBXBuildFile; fileRef = 0390376E1C0916EA00386188 /* AppDelegate.swift */; };
		039037711C0916EA00386188 /* ViewController.swift in Sources */ = {isa = PBXBuildFile; fileRef = 039037701C0916EA00386188 /* ViewController.swift */; };
		039037741C0916EA00386188 /* Main.storyboard in Resources */ = {isa = PBXBuildFile; fileRef = 039037721C0916EA00386188 /* Main.storyboard */; };
		039037761C0916EA00386188 /* Assets.xcassets in Resources */ = {isa = PBXBuildFile; fileRef = 039037751C0916EA00386188 /* Assets.xcassets */; };
		039037791C0916EA00386188 /* LaunchScreen.storyboard in Resources */ = {isa = PBXBuildFile; fileRef = 039037771C0916EA00386188 /* LaunchScreen.storyboard */; };
		039037841C0916EA00386188 /* PushPracticeTests.swift in Sources */ = {isa = PBXBuildFile; fileRef = 039037831C0916EA00386188 /* PushPracticeTests.swift */; };
		0390378F1C0916EA00386188 /* PushPracticeUITests.swift in Sources */ = {isa = PBXBuildFile; fileRef = 0390378E1C0916EA00386188 /* PushPracticeUITests.swift */; };
/* End PBXBuildFile section */

/* Begin PBXContainerItemProxy section */
		039037801C0916EA00386188 /* PBXContainerItemProxy */ = {
			isa = PBXContainerItemProxy;
			containerPortal = 039037631C0916EA00386188 /* Project object */;
			proxyType = 1;
			remoteGlobalIDString = 0390376A1C0916EA00386188;
			remoteInfo = PushPractice;
		};
		0390378B1C0916EA00386188 /* PBXContainerItemProxy */ = {
			isa = PBXContainerItemProxy;
			containerPortal = 039037631C0916EA00386188 /* Project object */;
			proxyType = 1;
			remoteGlobalIDString = 0390376A1C0916EA00386188;
			remoteInfo = PushPractice;
		};
/* End PBXContainerItemProxy section */

/* Begin PBXFileReference section */
		0390376B1C0916EA00386188 /* PushPractice.app */ = {isa = PBXFileReference; explicitFileType = wrapper.application; includeInIndex = 0; path = PushPractice.app; sourceTree = BUILT_PRODUCTS_DIR; };
		0390376E1C0916EA00386188 /* AppDelegate.swift */ = {isa = PBXFileReference; lastKnownFileType = sourcecode.swift; path = AppDelegate.swift; sourceTree = "<group>"; };
		039037701C0916EA00386188 /* ViewController.swift */ = {isa = PBXFileReference; lastKnownFileType = sourcecode.swift; path = ViewController.swift; sourceTree = "<group>"; };
		039037731C0916EA00386188 /* Base */ = {isa = PBXFileReference; lastKnownFileType = file.storyboard; name = Base; path = Base.lproj/Main.storyboard; sourceTree = "<group>"; };
		039037751C0916EA00386188 /* Assets.xcassets */ = {isa = PBXFileReference; lastKnownFileType = folder.assetcatalog; path = Assets.xcassets; sourceTree = "<group>"; };
		039037781C0916EA00386188 /* Base */ = {isa = PBXFileReference; lastKnownFileType = file.storyboard; name = Base; path = Base.lproj/LaunchScreen.storyboard; sourceTree = "<group>"; };
		0390377A1C0916EA00386188 /* Info.plist */ = {isa = PBXFileReference; lastKnownFileType = text.plist.xml; path = Info.plist; sourceTree = "<group>"; };
		0390377F1C0916EA00386188 /* PushPracticeTests.xctest */ = {isa = PBXFileReference; explicitFileType = wrapper.cfbundle; includeInIndex = 0; path = PushPracticeTests.xctest; sourceTree = BUILT_PRODUCTS_DIR; };
		039037831C0916EA00386188 /* PushPracticeTests.swift */ = {isa = PBXFileReference; lastKnownFileType = sourcecode.swift; path = PushPracticeTests.swift; sourceTree = "<group>"; };
		039037851C0916EA00386188 /* Info.plist */ = {isa = PBXFileReference; lastKnownFileType = text.plist.xml; path = Info.plist; sourceTree = "<group>"; };
		0390378A1C0916EA00386188 /* PushPracticeUITests.xctest */ = {isa = PBXFileReference; explicitFileType = wrapper.cfbundle; includeInIndex = 0; path = PushPracticeUITests.xctest; sourceTree = BUILT_PRODUCTS_DIR; };
		0390378E1C0916EA00386188 /* PushPracticeUITests.swift */ = {isa = PBXFileReference; lastKnownFileType = sourcecode.swift; path = PushPracticeUITests.swift; sourceTree = "<group>"; };
		039037901C0916EA00386188 /* Info.plist */ = {isa = PBXFileReference; lastKnownFileType = text.plist.xml; path = Info.plist; sourceTree = "<group>"; };
/* End PBXFileReference section */

/* Begin PBXFrameworksBuildPhase section */
		039037681C0916EA00386188 /* Frameworks */ = {
			isa = PBXFrameworksBuildPhase;
			buildActionMask = 2147483647;
			files = (
			);
			runOnlyForDeploymentPostprocessing = 0;
		};
		0390377C1C0916EA00386188 /* Frameworks */ = {
			isa = PBXFrameworksBuildPhase;
			buildActionMask = 2147483647;
			files = (
			);
			runOnlyForDeploymentPostprocessing = 0;
		};
		039037871C0916EA00386188 /* Frameworks */ = {
			isa = PBXFrameworksBuildPhase;
			buildActionMask = 2147483647;
			files = (
			);
			runOnlyForDeploymentPostprocessing = 0;
		};
/* End PBXFrameworksBuildPhase section */

/* Begin PBXGroup section */
		039037621C0916EA00386188 = {
			isa = PBXGroup;
			children = (
				0390376D1C0916EA00386188 /* PushPractice */,
				039037821C0916EA00386188 /* PushPracticeTests */,
				0390378D1C0916EA00386188 /* PushPracticeUITests */,
				0390376C1C0916EA00386188 /* Products */,
			);
			sourceTree = "<group>";
		};
		0390376C1C0916EA00386188 /* Products */ = {
			isa = PBXGroup;
			children = (
				0390376B1C0916EA00386188 /* PushPractice.app */,
				0390377F1C0916EA00386188 /* PushPracticeTests.xctest */,
				0390378A1C0916EA00386188 /* PushPracticeUITests.xctest */,
			);
			name = Products;
			sourceTree = "<group>";
		};
		0390376D1C0916EA00386188 /* PushPractice */ = {
			isa = PBXGroup;
			children = (
				0390376E1C0916EA00386188 /* AppDelegate.swift */,
				039037701C0916EA00386188 /* ViewController.swift */,
				039037721C0916EA00386188 /* Main.storyboard */,
				039037751C0916EA00386188 /* Assets.xcassets */,
				039037771C0916EA00386188 /* LaunchScreen.storyboard */,
				0390377A1C0916EA00386188 /* Info.plist */,
			);
			path = PushPractice;
			sourceTree = "<group>";
		};
		039037821C0916EA00386188 /* PushPracticeTests */ = {
			isa = PBXGroup;
			children = (
				039037831C0916EA00386188 /* PushPracticeTests.swift */,
				039037851C0916EA00386188 /* Info.plist */,
			);
			path = PushPracticeTests;
			sourceTree = "<group>";
		};
		0390378D1C0916EA00386188 /* PushPracticeUITests */ = {
			isa = PBXGroup;
			children = (
				0390378E1C0916EA00386188 /* PushPracticeUITests.swift */,
				039037901C0916EA00386188 /* Info.plist */,
			);
			path = PushPracticeUITests;
			sourceTree = "<group>";
		};
/* End PBXGroup section */

/* Begin PBXNativeTarget section */
		0390376A1C0916EA00386188 /* PushPractice */ = {
			isa = PBXNativeTarget;
			buildConfigurationList = 039037931C0916EA00386188 /* Build configuration list for PBXNativeTarget "PushPractice" */;
			buildPhases = (
				039037671C0916EA00386188 /* Sources */,
				039037681C0916EA00386188 /* Frameworks */,
				039037691C0916EA00386188 /* Resources */,
			);
			buildRules = (
			);
			dependencies = (
			);
			name = PushPractice;
			productName = PushPractice;
			productReference = 0390376B1C0916EA00386188 /* PushPractice.app */;
			productType = "com.apple.product-type.application";
		};
		0390377E1C0916EA00386188 /* PushPracticeTests */ = {
			isa = PBXNativeTarget;
			buildConfigurationList = 039037961C0916EA00386188 /* Build configuration list for PBXNativeTarget "PushPracticeTests" */;
			buildPhases = (
				0390377B1C0916EA00386188 /* Sources */,
				0390377C1C0916EA00386188 /* Frameworks */,
				0390377D1C0916EA00386188 /* Resources */,
			);
			buildRules = (
			);
			dependencies = (
				039037811C0916EA00386188 /* PBXTargetDependency */,
			);
			name = PushPracticeTests;
			productName = PushPracticeTests;
			productReference = 0390377F1C0916EA00386188 /* PushPracticeTests.xctest */;
			productType = "com.apple.product-type.bundle.unit-test";
		};
		039037891C0916EA00386188 /* PushPracticeUITests */ = {
			isa = PBXNativeTarget;
			buildConfigurationList = 039037991C0916EA00386188 /* Build configuration list for PBXNativeTarget "PushPracticeUITests" */;
			buildPhases = (
				039037861C0916EA00386188 /* Sources */,
				039037871C0916EA00386188 /* Frameworks */,
				039037881C0916EA00386188 /* Resources */,
			);
			buildRules = (
			);
			dependencies = (
				0390378C1C0916EA00386188 /* PBXTargetDependency */,
			);
			name = PushPracticeUITests;
			productName = PushPracticeUITests;
			productReference = 0390378A1C0916EA00386188 /* PushPracticeUITests.xctest */;
			productType = "com.apple.product-type.bundle.ui-testing";
		};
/* End PBXNativeTarget section */

/* Begin PBXProject section */
		039037631C0916EA00386188 /* Project object */ = {
			isa = PBXProject;
			attributes = {
				LastSwiftUpdateCheck = 0710;
				LastUpgradeCheck = 0710;
				ORGANIZATIONNAME = "Lee Janghyup";
				TargetAttributes = {
					0390376A1C0916EA00386188 = {
						CreatedOnToolsVersion = 7.1.1;
					};
					0390377E1C0916EA00386188 = {
						CreatedOnToolsVersion = 7.1.1;
						TestTargetID = 0390376A1C0916EA00386188;
					};
					039037891C0916EA00386188 = {
						CreatedOnToolsVersion = 7.1.1;
						TestTargetID = 0390376A1C0916EA00386188;
					};
				};
			};
			buildConfigurationList = 039037661C0916EA00386188 /* Build configuration list for PBXProject "PushPractice" */;
			compatibilityVersion = "Xcode 3.2";
			developmentRegion = English;
			hasScannedForEncodings = 0;
			knownRegions = (
				en,
				Base,
			);
			mainGroup = 039037621C0916EA00386188;
			productRefGroup = 0390376C1C0916EA00386188 /* Products */;
			projectDirPath = "";
			projectRoot = "";
			targets = (
				0390376A1C0916EA00386188 /* PushPractice */,
				0390377E1C0916EA00386188 /* PushPracticeTests */,
				039037891C0916EA00386188 /* PushPracticeUITests */,
			);
		};
/* End PBXProject section */

/* Begin PBXResourcesBuildPhase section */
		039037691C0916EA00386188 /* Resources */ = {
			isa = PBXResourcesBuildPhase;
			buildActionMask = 2147483647;
			files = (
				039037791C0916EA00386188 /* LaunchScreen.storyboard in Resources */,
				039037761C0916EA00386188 /* Assets.xcassets in Resources */,
				039037741C0916EA00386188 /* Main.storyboard in Resources */,
			);
			runOnlyForDeploymentPostprocessing = 0;
		};
		0390377D1C0916EA00386188 /* Resources */ = {
			isa = PBXResourcesBuildPhase;
			buildActionMask = 2147483647;
			files = (
			);
			runOnlyForDeploymentPostprocessing = 0;
		};
		039037881C0916EA00386188 /* Resources */ = {
			isa = PBXResourcesBuildPhase;
			buildActionMask = 2147483647;
			files = (
			);
			runOnlyForDeploymentPostprocessing = 0;
		};
/* End PBXResourcesBuildPhase section */

/* Begin PBXSourcesBuildPhase section */
		039037671C0916EA00386188 /* Sources */ = {
			isa = PBXSourcesBuildPhase;
			buildActionMask = 2147483647;
			files = (
				039037711C0916EA00386188 /* ViewController.swift in Sources */,
				0390376F1C0916EA00386188 /* AppDelegate.swift in Sources */,
			);
			runOnlyForDeploymentPostprocessing = 0;
		};
		0390377B1C0916EA00386188 /* Sources */ = {
			isa = PBXSourcesBuildPhase;
			buildActionMask = 2147483647;
			files = (
				039037841C0916EA00386188 /* PushPracticeTests.swift in Sources */,
			);
			runOnlyForDeploymentPostprocessing = 0;
		};
		039037861C0916EA00386188 /* Sources */ = {
			isa = PBXSourcesBuildPhase;
			buildActionMask = 2147483647;
			files = (
				0390378F1C0916EA00386188 /* PushPracticeUITests.swift in Sources */,
			);
			runOnlyForDeploymentPostprocessing = 0;
		};
/* End PBXSourcesBuildPhase section */

/* Begin PBXTargetDependency section */
		039037811C0916EA00386188 /* PBXTargetDependency */ = {
			isa = PBXTargetDependency;
			target = 0390376A1C0916EA00386188 /* PushPractice */;
			targetProxy = 039037801C0916EA00386188 /* PBXContainerItemProxy */;
		};
		0390378C1C0916EA00386188 /* PBXTargetDependency */ = {
			isa = PBXTargetDependency;
			target = 0390376A1C0916EA00386188 /* PushPractice */;
			targetProxy = 0390378B1C0916EA00386188 /* PBXContainerItemProxy */;
		};
/* End PBXTargetDependency section */

/* Begin PBXVariantGroup section */
		039037721C0916EA00386188 /* Main.storyboard */ = {
			isa = PBXVariantGroup;
			children = (
				039037731C0916EA00386188 /* Base */,
			);
			name = Main.storyboard;
			sourceTree = "<group>";
		};
		039037771C0916EA00386188 /* LaunchScreen.storyboard */ = {
			isa = PBXVariantGroup;
			children = (
				039037781C0916EA00386188 /* Base */,
			);
			name = LaunchScreen.storyboard;
			sourceTree = "<group>";
		};
/* End PBXVariantGroup section */

/* Begin XCBuildConfiguration section */
		039037911C0916EA00386188 /* Debug */ = {
			isa = XCBuildConfiguration;
			buildSettings = {
				ALWAYS_SEARCH_USER_PATHS = NO;
				CLANG_CXX_LANGUAGE_STANDARD = "gnu++0x";
				CLANG_CXX_LIBRARY = "libc++";
				CLANG_ENABLE_MODULES = YES;
				CLANG_ENABLE_OBJC_ARC = YES;
				CLANG_WARN_BOOL_CONVERSION = YES;
				CLANG_WARN_CONSTANT_CONVERSION = YES;
				CLANG_WARN_DIRECT_OBJC_ISA_USAGE = YES_ERROR;
				CLANG_WARN_EMPTY_BODY = YES;
				CLANG_WARN_ENUM_CONVERSION = YES;
				CLANG_WARN_INT_CONVERSION = YES;
				CLANG_WARN_OBJC_ROOT_CLASS = YES_ERROR;
				CLANG_WARN_UNREACHABLE_CODE = YES;
				CLANG_WARN__DUPLICATE_METHOD_MATCH = YES;
				"CODE_SIGN_IDENTITY[sdk=iphoneos*]" = "iPhone Developer";
				COPY_PHASE_STRIP = NO;
				DEBUG_INFORMATION_FORMAT = dwarf;
				ENABLE_STRICT_OBJC_MSGSEND = YES;
				ENABLE_TESTABILITY = YES;
				GCC_C_LANGUAGE_STANDARD = gnu99;
				GCC_DYNAMIC_NO_PIC = NO;
				GCC_NO_COMMON_BLOCKS = YES;
				GCC_OPTIMIZATION_LEVEL = 0;
				GCC_PREPROCESSOR_DEFINITIONS = (
					"DEBUG=1",
					"$(inherited)",
				);
				GCC_WARN_64_TO_32_BIT_CONVERSION = YES;
				GCC_WARN_ABOUT_RETURN_TYPE = YES_ERROR;
				GCC_WARN_UNDECLARED_SELECTOR = YES;
				GCC_WARN_UNINITIALIZED_AUTOS = YES_AGGRESSIVE;
				GCC_WARN_UNUSED_FUNCTION = YES;
				GCC_WARN_UNUSED_VARIABLE = YES;
				IPHONEOS_DEPLOYMENT_TARGET = 9.1;
				MTL_ENABLE_DEBUG_INFO = YES;
				ONLY_ACTIVE_ARCH = YES;
				SDKROOT = iphoneos;
				SWIFT_OPTIMIZATION_LEVEL = "-Onone";
			};
			name = Debug;
		};
		039037921C0916EA00386188 /* Release */ = {
			isa = XCBuildConfiguration;
			buildSettings = {
				ALWAYS_SEARCH_USER_PATHS = NO;
				CLANG_CXX_LANGUAGE_STANDARD = "gnu++0x";
				CLANG_CXX_LIBRARY = "libc++";
				CLANG_ENABLE_MODULES = YES;
				CLANG_ENABLE_OBJC_ARC = YES;
				CLANG_WARN_BOOL_CONVERSION = YES;
				CLANG_WARN_CONSTANT_CONVERSION = YES;
				CLANG_WARN_DIRECT_OBJC_ISA_USAGE = YES_ERROR;
				CLANG_WARN_EMPTY_BODY = YES;
				CLANG_WARN_ENUM_CONVERSION = YES;
				CLANG_WARN_INT_CONVERSION = YES;
				CLANG_WARN_OBJC_ROOT_CLASS = YES_ERROR;
				CLANG_WARN_UNREACHABLE_CODE = YES;
				CLANG_WARN__DUPLICATE_METHOD_MATCH = YES;
				"CODE_SIGN_IDENTITY[sdk=iphoneos*]" = "iPhone Developer";
				COPY_PHASE_STRIP = NO;
				DEBUG_INFORMATION_FORMAT = "dwarf-with-dsym";
				ENABLE_NS_ASSERTIONS = NO;
				ENABLE_STRICT_OBJC_MSGSEND = YES;
				GCC_C_LANGUAGE_STANDARD = gnu99;
				GCC_NO_COMMON_BLOCKS = YES;
				GCC_WARN_64_TO_32_BIT_CONVERSION = YES;
				GCC_WARN_ABOUT_RETURN_TYPE = YES_ERROR;
				GCC_WARN_UNDECLARED_SELECTOR = YES;
				GCC_WARN_UNINITIALIZED_AUTOS = YES_AGGRESSIVE;
				GCC_WARN_UNUSED_FUNCTION = YES;
				GCC_WARN_UNUSED_VARIABLE = YES;
				IPHONEOS_DEPLOYMENT_TARGET = 9.1;
				MTL_ENABLE_DEBUG_INFO = NO;
				SDKROOT = iphoneos;
				VALIDATE_PRODUCT = YES;
			};
			name = Release;
		};
		039037941C0916EA00386188 /* Debug */ = {
			isa = XCBuildConfiguration;
			buildSettings = {
				ASSETCATALOG_COMPILER_APPICON_NAME = AppIcon;
				INFOPLIST_FILE = PushPractice/Info.plist;
				LD_RUNPATH_SEARCH_PATHS = "$(inherited) @executable_path/Frameworks";
				PRODUCT_BUNDLE_IDENTIFIER = co.bany.PushPractice;
				PRODUCT_NAME = "$(TARGET_NAME)";
			};
			name = Debug;
		};
		039037951C0916EA00386188 /* Release */ = {
			isa = XCBuildConfiguration;
			buildSettings = {
				ASSETCATALOG_COMPILER_APPICON_NAME = AppIcon;
				INFOPLIST_FILE = PushPractice/Info.plist;
				LD_RUNPATH_SEARCH_PATHS = "$(inherited) @executable_path/Frameworks";
				PRODUCT_BUNDLE_IDENTIFIER = co.bany.PushPractice;
				PRODUCT_NAME = "$(TARGET_NAME)";
			};
			name = Release;
		};
		039037971C0916EA00386188 /* Debug */ = {
			isa = XCBuildConfiguration;
			buildSettings = {
				BUNDLE_LOADER = "$(TEST_HOST)";
				INFOPLIST_FILE = PushPracticeTests/Info.plist;
				LD_RUNPATH_SEARCH_PATHS = "$(inherited) @executable_path/Frameworks @loader_path/Frameworks";
				PRODUCT_BUNDLE_IDENTIFIER = co.bany.PushPracticeTests;
				PRODUCT_NAME = "$(TARGET_NAME)";
				TEST_HOST = "$(BUILT_PRODUCTS_DIR)/PushPractice.app/PushPractice";
			};
			name = Debug;
		};
		039037981C0916EA00386188 /* Release */ = {
			isa = XCBuildConfiguration;
			buildSettings = {
				BUNDLE_LOADER = "$(TEST_HOST)";
				INFOPLIST_FILE = PushPracticeTests/Info.plist;
				LD_RUNPATH_SEARCH_PATHS = "$(inherited) @executable_path/Frameworks @loader_path/Frameworks";
				PRODUCT_BUNDLE_IDENTIFIER = co.bany.PushPracticeTests;
				PRODUCT_NAME = "$(TARGET_NAME)";
				TEST_HOST = "$(BUILT_PRODUCTS_DIR)/PushPractice.app/PushPractice";
			};
			name = Release;
		};
		0390379A1C0916EA00386188 /* Debug */ = {
			isa = XCBuildConfiguration;
			buildSettings = {
				INFOPLIST_FILE = PushPracticeUITests/Info.plist;
				LD_RUNPATH_SEARCH_PATHS = "$(inherited) @executable_path/Frameworks @loader_path/Frameworks";
				PRODUCT_BUNDLE_IDENTIFIER = co.bany.PushPracticeUITests;
				PRODUCT_NAME = "$(TARGET_NAME)";
				TEST_TARGET_NAME = PushPractice;
				USES_XCTRUNNER = YES;
			};
			name = Debug;
		};
		0390379B1C0916EA00386188 /* Release */ = {
			isa = XCBuildConfiguration;
			buildSettings = {
				INFOPLIST_FILE = PushPracticeUITests/Info.plist;
				LD_RUNPATH_SEARCH_PATHS = "$(inherited) @executable_path/Frameworks @loader_path/Frameworks";
				PRODUCT_BUNDLE_IDENTIFIER = co.bany.PushPracticeUITests;
				PRODUCT_NAME = "$(TARGET_NAME)";
				TEST_TARGET_NAME = PushPractice;
				USES_XCTRUNNER = YES;
			};
			name = Release;
		};
/* End XCBuildConfiguration section */

/* Begin XCConfigurationList section */
		039037661C0916EA00386188 /* Build configuration list for PBXProject "PushPractice" */ = {
			isa = XCConfigurationList;
			buildConfigurations = (
				039037911C0916EA00386188 /* Debug */,
				039037921C0916EA00386188 /* Release */,
			);
			defaultConfigurationIsVisible = 0;
			defaultConfigurationName = Release;
		};
		039037931C0916EA00386188 /* Build configuration list for PBXNativeTarget "PushPractice" */ = {
			isa = XCConfigurationList;
			buildConfigurations = (
				039037941C0916EA00386188 /* Debug */,
				039037951C0916EA00386188 /* Release */,
			);
			defaultConfigurationIsVisible = 0;
		};
		039037961C0916EA00386188 /* Build configuration list for PBXNativeTarget "PushPracticeTests" */ = {
			isa = XCConfigurationList;
			buildConfigurations = (
				039037971C0916EA00386188 /* Debug */,
				039037981C0916EA00386188 /* Release */,
			);
			defaultConfigurationIsVisible = 0;
		};
		039037991C0916EA00386188 /* Build configuration list for PBXNativeTarget "PushPracticeUITests" */ = {
			isa = XCConfigurationList;
			buildConfigurations = (
				0390379A1C0916EA00386188 /* Debug */,
				0390379B1C0916EA00386188 /* Release */,
			);
			defaultConfigurationIsVisible = 0;
		};
/* End XCConfigurationList section */
	};
	rootObject = 039037631C0916EA00386188 /* Project object */;
}
